{
  "lockfile_version": "1",
  "packages": {
    "github:NixOS/nixpkgs/nixpkgs-unstable": {
      "last_modified": "2026-06-06T12:12:42Z",
      "resolved": "github:NixOS/nixpkgs/cbb5cf358f50aa6acc9efd6113b7bcfbc352cd73?lastModified=1780747962&narHash=sha256-IX7G1dlKrOqPOImfbo7ADDfV5yU1%2Bj%2BMRChI3TL4tAA%3D"
    },
    "go@1.26": {
      "last_modified": "2026-05-21T08:15:18Z",
      "resolved": "github:NixOS/nixpkgs/4a29d733e8a7d5b824c3d8c958a946a9867b3eb2#go",
      "source": "devbox-search",
      "version": "1.26.3",
      "systems": {
        "aarch64-darwin": {
          "outputs": [
            {
              "name": "out",
              "path": "/nix/store/7ycp8j45iay38g9mjaxmy4jhwdsrb47y-go-1.26.3",
              "default": true
            }
          ],
          "store_path": "/nix/store/7ycp8j45iay38g9mjaxmy4jhwdsrb47y-go-1.26.3"
        },
        "aarch64-linux": {
          "outputs": [
            {
              "name": "out",
              "path": "/nix/store/jkcwcbwvhgzmxg59798z4clmj4bfv42i-go-1.26.3",
              "default": true
            }
          ],
          "store_path": "/nix/store/jkcwcbwvhgzmxg59798z4clmj4bfv42i-go-1.26.3"
        },
        "x86_64-darwin": {
          "outputs": [
            {
              "name": "out",
              "path": "/nix/store/3f2jzvxmhhlarjqxy1p7i9r5l34siz29-go-1.26.3",
              "default": true
            }
          ],
          "store_path": "/nix/store/3f2jzvxmhhlarjqxy1p7i9r5l34siz29-go-1.26.3"
        },
        "x86_64-linux": {
          "outputs": [
            {
              "name": "out",
              "path": "/nix/store/33fw5m31lfcnk4ff2f0df7j2bxnh8lgk-go-1.26.3",
              "default": true
            }
          ],
          "store_path": "/nix/store/33fw5m31lfcnk4ff2f0df7j2bxnh8lgk-go-1.26.3"
        }
      }
    },
    "goreleaser@2.15.4": {
      "last_modified": "2026-05-21T08:15:18Z",
      "resolved": "github:NixOS/nixpkgs/4a29d733e8a7d5b824c3d8c958a946a9867b3eb2#goreleaser",
      "source": "devbox-search",
      "version": "2.15.4",
      "systems": {
        "aarch64-darwin": {
          "outputs": [
            {
              "name": "out",
              "path": "/nix/store/s1zm0ylfbiwpp4scn6wqb21651xw9mdd-goreleaser-2.15.4",
              "default": true
            }
          ],
          "store_path": "/nix/store/s1zm0ylfbiwpp4scn6wqb21651xw9mdd-goreleaser-2.15.4"
        },
        "aarch64-linux": {
          "outputs": [
            {
              "name": "out",
              "path": "/nix/store/qh2c7d7i9ghgf55l5jynchqq3aldkfc6-goreleaser-2.15.4",
              "default": true
            }
          ],
          "store_path": "/nix/store/qh2c7d7i9ghgf55l5jynchqq3aldkfc6-goreleaser-2.15.4"
        },
        "x86_64-darwin": {
          "outputs": [
            {
              "name": "out",
              "path": "/nix/store/1yka5g36saii3acx8h7m9spylcgssavy-goreleaser-2.15.4",
              "default": true
            }
          ],
          "store_path": "/nix/store/1yka5g36saii3acx8h7m9spylcgssavy-goreleaser-2.15.4"
        },
        "x86_64-linux": {
          "outputs": [
            {
              "name": "out",
              "path": "/nix/store/sxacasd1dx7j8hizi37i1qh6xvmvc7hm-goreleaser-2.15.4",
              "default": true
            }
          ],
          "store_path": "/nix/store/sxacasd1dx7j8hizi37i1qh6xvmvc7hm-goreleaser-2.15.4"
        }
      }
    },
    "just@1.51": {
      "last_modified": "2026-05-21T08:15:18Z",
      "resolved": "github:NixOS/nixpkgs/4a29d733e8a7d5b824c3d8c958a946a9867b3eb2#just",
      "source": "devbox-search",
      "version": "1.51.0",
      "systems": {
        "aarch64-darwin": {
          "outputs": [
            {
              "name": "out",
              "path": "/nix/store/18ml04rix1526kmcv5fcir6n7cb8lxyf-just-1.51.0",
              "default": true
            },
            {
              "name": "man",
              "path": "/nix/store/48iac05gjz4kjpx605hcgn95an8ary9q-just-1.51.0-man",
              "default": true
            },
            {
              "name": "doc",
              "path": "/nix/store/d0n7b7xd2miyja6m2nlzc2szj0gqzgxb-just-1.51.0-doc"
            }
          ],
          "store_path": "/nix/store/18ml04rix1526kmcv5fcir6n7cb8lxyf-just-1.51.0"
        },
        "aarch64-linux": {
          "outputs": [
            {
              "name": "out",
              "path": "/nix/store/6q8i59br2gzxnqax4dz3g1fmkwp2mfs2-just-1.51.0",
              "default": true
            },
            {
              "name": "man",
              "path": "/nix/store/8ygmlmpxmggc2wqbkz1yhf7fz5nwg084-just-1.51.0-man",
              "default": true
            },
            {
              "name": "doc",
              "path": "/nix/store/ppj3c78k6x3bql77f3mgrjjrxb2jjc0q-just-1.51.0-doc"
            }
          ],
          "store_path": "/nix/store/6q8i59br2gzxnqax4dz3g1fmkwp2mfs2-just-1.51.0"
        },
        "x86_64-darwin": {
          "outputs": [
            {
              "name": "out",
              "path": "/nix/store/7ppiil9ycr565vqgbc18x4rpgbfgcnzy-just-1.51.0",
              "default": true
            },
            {
              "name": "man",
              "path": "/nix/store/144wqvh3s441y05xvzn8m16rhcqbki7d-just-1.51.0-man",
              "default": true
            },
            {
              "name": "doc",
              "path": "/nix/store/x5g644hwbjdlij9w37gwgg1z1h4b6qqk-just-1.51.0-doc"
            }
          ],
          "store_path": "/nix/store/7ppiil9ycr565vqgbc18x4rpgbfgcnzy-just-1.51.0"
        },
        "x86_64-linux": {
          "outputs": [
            {
              "name": "out",
              "path": "/nix/store/3j32zmchv9wd60qng1mm04yj07wf04i8-just-1.51.0",
              "default": true
            },
            {
              "name": "man",
              "path": "/nix/store/p04vig0h2hj7hg5vgd74n5nphlcy23l8-just-1.51.0-man",
              "default": true
            },
            {
              "name": "doc",
              "path": "/nix/store/r800x8xppg70s00hw3h6x9cxpd6nh06y-just-1.51.0-doc"
            }
          ],
          "store_path": "/nix/store/3j32zmchv9wd60qng1mm04yj07wf04i8-just-1.51.0"
        }
      }
    }
  }
}
